
Microsoft Visual Studio Solution File, Format Version 10.00
# Visual Studio 2008
Project("{FAE04EC0-301F-11D3-BF4B-00C04F79EFBC}") = "JwyDataClassV2d0", "JwyDataClassV2d0\JwyDataClassV2d0.csproj", "{0D1CCF18-AC9C-43AC-9D24-95FE83B5F406}"
EndProject
Global
	GlobalSection(SolutionConfigurationPlatforms) = preSolution
		Debug|Any CPU = Debug|Any CPU
		Release|Any CPU = Release|Any CPU
	EndGlobalSection
	GlobalSection(ProjectConfigurationPlatforms) = postSolution
		{0D1CCF18-AC9C-43AC-9D24-95FE83B5F406}.Debug|Any CPU.ActiveCfg = Debug|Any CPU
		{0D1CCF18-AC9C-43AC-9D24-95FE83B5F406}.Debug|Any CPU.Build.0 = Debug|Any CPU
		{0D1CCF18-AC9C-43AC-9D24-95FE83B5F406}.Release|Any CPU.ActiveCfg = Release|Any CPU
		{0D1CCF18-AC9C-43AC-9D24-95FE83B5F406}.Release|Any CPU.Build.0 = Release|Any CPU
	EndGlobalSection
	GlobalSection(SolutionProperties) = preSolution
		HideSolutionNode = FALSE
	EndGlobalSection
EndGlobal
